
Microsoft Visual Studio Solution File, Format Version 12.00
# Visual Studio Version 17
VisualStudioVersion = 17.7.34031.279
MinimumVisualStudioVersion = 10.0.40219.1
Project("{FAE04EC0-301F-11D3-BF4B-00C04F79EFBC}") = "ForumApp", "ForumApp\ForumApp.csproj", "{BA9F6A36-417C-474A-9B4D-CD094BB391A8}"
EndProject
Project("{FAE04EC0-301F-11D3-BF4B-00C04F79EFBC}") = "ForumApp.Core", "ForumApp.Core\ForumApp.Core.csproj", "{86495ECD-0CB3-485D-9178-82ADB264404E}"
EndProject
Project("{FAE04EC0-301F-11D3-BF4B-00C04F79EFBC}") = "ForumApp.Infrastructure", "ForumApp.Infrastructure\ForumApp.Infrastructure.csproj", "{AA6B098A-23FA-4038-A166-C7DCED5B9008}"
EndProject
Global
	GlobalSection(SolutionConfigurationPlatforms) = preSolution
		Debug|Any CPU = Debug|Any CPU
		Release|Any CPU = Release|Any CPU
	EndGlobalSection
	GlobalSection(ProjectConfigurationPlatforms) = postSolution
		{BA9F6A36-417C-474A-9B4D-CD094BB391A8}.Debug|Any CPU.ActiveCfg = Debug|Any CPU
		{BA9F6A36-417C-474A-9B4D-CD094BB391A8}.Debug|Any CPU.Build.0 = Debug|Any CPU
		{BA9F6A36-417C-474A-9B4D-CD094BB391A8}.Release|Any CPU.ActiveCfg = Release|Any CPU
		{BA9F6A36-417C-474A-9B4D-CD094BB391A8}.Release|Any CPU.Build.0 = Release|Any CPU
		{86495ECD-0CB3-485D-9178-82ADB264404E}.Debug|Any CPU.ActiveCfg = Debug|Any CPU
		{86495ECD-0CB3-485D-9178-82ADB264404E}.Debug|Any CPU.Build.0 = Debug|Any CPU
		{86495ECD-0CB3-485D-9178-82ADB264404E}.Release|Any CPU.ActiveCfg = Release|Any CPU
		{86495ECD-0CB3-485D-9178-82ADB264404E}.Release|Any CPU.Build.0 = Release|Any CPU
		{AA6B098A-23FA-4038-A166-C7DCED5B9008}.Debug|Any CPU.ActiveCfg = Debug|Any CPU
		{AA6B098A-23FA-4038-A166-C7DCED5B9008}.Debug|Any CPU.Build.0 = Debug|Any CPU
		{AA6B098A-23FA-4038-A166-C7DCED5B9008}.Release|Any CPU.ActiveCfg = Release|Any CPU
		{AA6B098A-23FA-4038-A166-C7DCED5B9008}.Release|Any CPU.Build.0 = Release|Any CPU
	EndGlobalSection
	GlobalSection(SolutionProperties) = preSolution
		HideSolutionNode = FALSE
	EndGlobalSection
	GlobalSection(ExtensibilityGlobals) = postSolution
		SolutionGuid = {674B1641-B62C-4300-9894-84EBA15E68FD}
	EndGlobalSection
EndGlobal
