
Microsoft Visual Studio Solution File, Format Version 12.00
# Visual Studio Version 17
VisualStudioVersion = 17.7.34031.279
MinimumVisualStudioVersion = 10.0.40219.1
Project("{FAE04EC0-301F-11D3-BF4B-00C04F79EFBC}") = "Asynchronous Processing", "Asynchronous Processing\Asynchronous Processing.csproj", "{B5B96D18-21BF-4336-8D47-3D116FB90FF0}"
EndProject
Global
	GlobalSection(SolutionConfigurationPlatforms) = preSolution
		Debug|Any CPU = Debug|Any CPU
		Release|Any CPU = Release|Any CPU
	EndGlobalSection
	GlobalSection(ProjectConfigurationPlatforms) = postSolution
		{B5B96D18-21BF-4336-8D47-3D116FB90FF0}.Debug|Any CPU.ActiveCfg = Debug|Any CPU
		{B5B96D18-21BF-4336-8D47-3D116FB90FF0}.Debug|Any CPU.Build.0 = Debug|Any CPU
		{B5B96D18-21BF-4336-8D47-3D116FB90FF0}.Release|Any CPU.ActiveCfg = Release|Any CPU
		{B5B96D18-21BF-4336-8D47-3D116FB90FF0}.Release|Any CPU.Build.0 = Release|Any CPU
	EndGlobalSection
	GlobalSection(SolutionProperties) = preSolution
		HideSolutionNode = FALSE
	EndGlobalSection
	GlobalSection(ExtensibilityGlobals) = postSolution
		SolutionGuid = {4A35D8B3-92BD-4F40-A014-006382C308C8}
	EndGlobalSection
EndGlobal
